
Microsoft Visual Studio Solution File, Format Version 12.00
# Visual Studio Version 17
VisualStudioVersion = 17.0.31903.59
MinimumVisualStudioVersion = 10.0.40219.1
Project("{2150E333-8FDC-42A3-9474-1A3956D46DE8}") = "Solution Items", "Solution Items", "{10697081-4951-4236-9149-B8B98D8A3BF6}"
	ProjectSection(SolutionItems) = preProject
		.editorconfig = .editorconfig
	EndProjectSection
EndProject
Project("{9A19103F-16F7-4668-BE54-9A1E7A4F7556}") = "PLA.Domain", "PLA.Domain\PLA.Domain.csproj", "{F6CED28B-3940-4632-A211-E55B85D15BD9}"
EndProject
Project("{9A19103F-16F7-4668-BE54-9A1E7A4F7556}") = "PLA.WebAPI", "PLA.WebApi\PLA.WebAPI.csproj", "{E9A9CF42-C1EC-423D-800C-F3511B051D11}"
EndProject
Project("{9A19103F-16F7-4668-BE54-9A1E7A4F7556}") = "PLA.Infrastructure", "PLA.Infrastructure\PLA.Infrastructure.csproj", "{4484B102-7EE1-4808-8396-D871E494513D}"
EndProject
Global
	GlobalSection(SolutionConfigurationPlatforms) = preSolution
		Debug|Any CPU = Debug|Any CPU
		Release|Any CPU = Release|Any CPU
	EndGlobalSection
	GlobalSection(ProjectConfigurationPlatforms) = postSolution
		{F6CED28B-3940-4632-A211-E55B85D15BD9}.Debug|Any CPU.ActiveCfg = Debug|Any CPU
		{F6CED28B-3940-4632-A211-E55B85D15BD9}.Debug|Any CPU.Build.0 = Debug|Any CPU
		{F6CED28B-3940-4632-A211-E55B85D15BD9}.Release|Any CPU.ActiveCfg = Release|Any CPU
		{F6CED28B-3940-4632-A211-E55B85D15BD9}.Release|Any CPU.Build.0 = Release|Any CPU
		{E9A9CF42-C1EC-423D-800C-F3511B051D11}.Debug|Any CPU.ActiveCfg = Debug|Any CPU
		{E9A9CF42-C1EC-423D-800C-F3511B051D11}.Debug|Any CPU.Build.0 = Debug|Any CPU
		{E9A9CF42-C1EC-423D-800C-F3511B051D11}.Release|Any CPU.ActiveCfg = Release|Any CPU
		{E9A9CF42-C1EC-423D-800C-F3511B051D11}.Release|Any CPU.Build.0 = Release|Any CPU
		{4484B102-7EE1-4808-8396-D871E494513D}.Debug|Any CPU.ActiveCfg = Debug|Any CPU
		{4484B102-7EE1-4808-8396-D871E494513D}.Debug|Any CPU.Build.0 = Debug|Any CPU
		{4484B102-7EE1-4808-8396-D871E494513D}.Release|Any CPU.ActiveCfg = Release|Any CPU
		{4484B102-7EE1-4808-8396-D871E494513D}.Release|Any CPU.Build.0 = Release|Any CPU
	EndGlobalSection
	GlobalSection(SolutionProperties) = preSolution
		HideSolutionNode = FALSE
	EndGlobalSection
	GlobalSection(ExtensibilityGlobals) = postSolution
		SolutionGuid = {5AEB2DBE-08B3-4028-99C4-DB26D1ECB4CD}
	EndGlobalSection
EndGlobal
